// !$*UTF8*$!
{
	archiveVersion = 1;
	classes = {
	};
	objectVersion = 50;
	objects = {

/* Begin PBXBuildFile section */
		71A463B725AE8B78008403C1 /* AppDelegate.m in Sources */ = {isa = PBXBuildFile; fileRef = 71A463B625AE8B78008403C1 /* AppDelegate.m */; };
		71A463BA25AE8B78008403C1 /* SceneDelegate.m in Sources */ = {isa = PBXBuildFile; fileRef = 71A463B925AE8B78008403C1 /* SceneDelegate.m */; };
		71A463BD25AE8B78008403C1 /* ViewController.m in Sources */ = {isa = PBXBuildFile; fileRef = 71A463BC25AE8B78008403C1 /* ViewController.m */; };
		71A463C025AE8B78008403C1 /* Main.storyboard in Resources */ = {isa = PBXBuildFile; fileRef = 71A463BE25AE8B78008403C1 /* Main.storyboard */; };
		71A463C225AE8B79008403C1 /* Assets.xcassets in Resources */ = {isa = PBXBuildFile; fileRef = 71A463C125AE8B79008403C1 /* Assets.xcassets */; };
		71A463C525AE8B79008403C1 /* LaunchScreen.storyboard in Resources */ = {isa = PBXBuildFile; fileRef = 71A463C325AE8B79008403C1 /* LaunchScreen.storyboard */; };
		71A463C825AE8B79008403C1 /* main.m in Sources */ = {isa = PBXBuildFile; fileRef = 71A463C725AE8B79008403C1 /* main.m */; };
		71A463D225AE8B79008403C1 /* MyAviasailsTests.m in Sources */ = {isa = PBXBuildFile; fileRef = 71A463D125AE8B79008403C1 /* MyAviasailsTests.m */; };
		71A463DD25AE8B79008403C1 /* MyAviasailsUITests.m in Sources */ = {isa = PBXBuildFile; fileRef = 71A463DC25AE8B79008403C1 /* MyAviasailsUITests.m */; };
/* End PBXBuildFile section */

/* Begin PBXContainerItemProxy section */
		71A463CE25AE8B79008403C1 /* PBXContainerItemProxy */ = {
			isa = PBXContainerItemProxy;
			containerPortal = 71A463AA25AE8B78008403C1 /* Project object */;
			proxyType = 1;
			remoteGlobalIDString = 71A463B125AE8B78008403C1;
			remoteInfo = MyAviasails;
		};
		71A463D925AE8B79008403C1 /* PBXContainerItemProxy */ = {
			isa = PBXContainerItemProxy;
			containerPortal = 71A463AA25AE8B78008403C1 /* Project object */;
			proxyType = 1;
			remoteGlobalIDString = 71A463B125AE8B78008403C1;
			remoteInfo = MyAviasails;
		};
/* End PBXContainerItemProxy section */

/* Begin PBXFileReference section */
		71A463B225AE8B78008403C1 /* MyAviasails.app */ = {isa = PBXFileReference; explicitFileType = wrapper.application; includeInIndex = 0; path = MyAviasails.app; sourceTree = BUILT_PRODUCTS_DIR; };
		71A463B525AE8B78008403C1 /* AppDelegate.h */ = {isa = PBXFileReference; lastKnownFileType = sourcecode.c.h; path = AppDelegate.h; sourceTree = "<group>"; };
		71A463B625AE8B78008403C1 /* AppDelegate.m */ = {isa = PBXFileReference; lastKnownFileType = sourcecode.c.objc; path = AppDelegate.m; sourceTree = "<group>"; };
		71A463B825AE8B78008403C1 /* SceneDelegate.h */ = {isa = PBXFileReference; lastKnownFileType = sourcecode.c.h; path = SceneDelegate.h; sourceTree = "<group>"; };
		71A463B925AE8B78008403C1 /* SceneDelegate.m */ = {isa = PBXFileReference; lastKnownFileType = sourcecode.c.objc; path = SceneDelegate.m; sourceTree = "<group>"; };
		71A463BB25AE8B78008403C1 /* ViewController.h */ = {isa = PBXFileReference; lastKnownFileType = sourcecode.c.h; path = ViewController.h; sourceTree = "<group>"; };
		71A463BC25AE8B78008403C1 /* ViewController.m */ = {isa = PBXFileReference; lastKnownFileType = sourcecode.c.objc; path = ViewController.m; sourceTree = "<group>"; };
		71A463BF25AE8B78008403C1 /* Base */ = {isa = PBXFileReference; lastKnownFileType = file.storyboard; name = Base; path = Base.lproj/Main.storyboard; sourceTree = "<group>"; };
		71A463C125AE8B79008403C1 /* Assets.xcassets */ = {isa = PBXFileReference; lastKnownFileType = folder.assetcatalog; path = Assets.xcassets; sourceTree = "<group>"; };
		71A463C425AE8B79008403C1 /* Base */ = {isa = PBXFileReference; lastKnownFileType = file.storyboard; name = Base; path = Base.lproj/LaunchScreen.storyboard; sourceTree = "<group>"; };
		71A463C625AE8B79008403C1 /* Info.plist */ = {isa = PBXFileReference; lastKnownFileType = text.plist.xml; path = Info.plist; sourceTree = "<group>"; };
		71A463C725AE8B79008403C1 /* main.m */ = {isa = PBXFileReference; lastKnownFileType = sourcecode.c.objc; path = main.m; sourceTree = "<group>"; };
		71A463CD25AE8B79008403C1 /* MyAviasailsTests.xctest */ = {isa = PBXFileReference; explicitFileType = wrapper.cfbundle; includeInIndex = 0; path = MyAviasailsTests.xctest; sourceTree = BUILT_PRODUCTS_DIR; };
		71A463D125AE8B79008403C1 /* MyAviasailsTests.m */ = {isa = PBXFileReference; lastKnownFileType = sourcecode.c.objc; path = MyAviasailsTests.m; sourceTree = "<group>"; };
		71A463D325AE8B79008403C1 /* Info.plist */ = {isa = PBXFileReference; lastKnownFileType = text.plist.xml; path = Info.plist; sourceTree = "<group>"; };
		71A463D825AE8B79008403C1 /* MyAviasailsUITests.xctest */ = {isa = PBXFileReference; explicitFileType = wrapper.cfbundle; includeInIndex = 0; path = MyAviasailsUITests.xctest; sourceTree = BUILT_PRODUCTS_DIR; };
		71A463DC25AE8B79008403C1 /* MyAviasailsUITests.m */ = {isa = PBXFileReference; lastKnownFileType = sourcecode.c.objc; path = MyAviasailsUITests.m; sourceTree = "<group>"; };
		71A463DE25AE8B79008403C1 /* Info.plist */ = {isa = PBXFileReference; lastKnownFileType = text.plist.xml; path = Info.plist; sourceTree = "<group>"; };
/* End PBXFileReference section */

/* Begin PBXFrameworksBuildPhase section */
		71A463AF25AE8B78008403C1 /* Frameworks */ = {
			isa = PBXFrameworksBuildPhase;
			buildActionMask = 2147483647;
			files = (
			);
			runOnlyForDeploymentPostprocessing = 0;
		};
		71A463CA25AE8B79008403C1 /* Frameworks */ = {
			isa = PBXFrameworksBuildPhase;
			buildActionMask = 2147483647;
			files = (
			);
			runOnlyForDeploymentPostprocessing = 0;
		};
		71A463D525AE8B79008403C1 /* Frameworks */ = {
			isa = PBXFrameworksBuildPhase;
			buildActionMask = 2147483647;
			files = (
			);
			runOnlyForDeploymentPostprocessing = 0;
		};
/* End PBXFrameworksBuildPhase section */

/* Begin PBXGroup section */
		71A463A925AE8B78008403C1 = {
			isa = PBXGroup;
			children = (
				71A463B425AE8B78008403C1 /* MyAviasails */,
				71A463D025AE8B79008403C1 /* MyAviasailsTests */,
				71A463DB25AE8B79008403C1 /* MyAviasailsUITests */,
				71A463B325AE8B78008403C1 /* Products */,
			);
			sourceTree = "<group>";
		};
		71A463B325AE8B78008403C1 /* Products */ = {
			isa = PBXGroup;
			children = (
				71A463B225AE8B78008403C1 /* MyAviasails.app */,
				71A463CD25AE8B79008403C1 /* MyAviasailsTests.xctest */,
				71A463D825AE8B79008403C1 /* MyAviasailsUITests.xctest */,
			);
			name = Products;
			sourceTree = "<group>";
		};
		71A463B425AE8B78008403C1 /* MyAviasails */ = {
			isa = PBXGroup;
			children = (
				71A463B525AE8B78008403C1 /* AppDelegate.h */,
				71A463B625AE8B78008403C1 /* AppDelegate.m */,
				71A463B825AE8B78008403C1 /* SceneDelegate.h */,
				71A463B925AE8B78008403C1 /* SceneDelegate.m */,
				71A463BB25AE8B78008403C1 /* ViewController.h */,
				71A463BC25AE8B78008403C1 /* ViewController.m */,
				71A463BE25AE8B78008403C1 /* Main.storyboard */,
				71A463C125AE8B79008403C1 /* Assets.xcassets */,
				71A463C325AE8B79008403C1 /* LaunchScreen.storyboard */,
				71A463C625AE8B79008403C1 /* Info.plist */,
				71A463C725AE8B79008403C1 /* main.m */,
			);
			path = MyAviasails;
			sourceTree = "<group>";
		};
		71A463D025AE8B79008403C1 /* MyAviasailsTests */ = {
			isa = PBXGroup;
			children = (
				71A463D125AE8B79008403C1 /* MyAviasailsTests.m */,
				71A463D325AE8B79008403C1 /* Info.plist */,
			);
			path = MyAviasailsTests;
			sourceTree = "<group>";
		};
		71A463DB25AE8B79008403C1 /* MyAviasailsUITests */ = {
			isa = PBXGroup;
			children = (
				71A463DC25AE8B79008403C1 /* MyAviasailsUITests.m */,
				71A463DE25AE8B79008403C1 /* Info.plist */,
			);
			path = MyAviasailsUITests;
			sourceTree = "<group>";
		};
/* End PBXGroup section */

/* Begin PBXNativeTarget section */
		71A463B125AE8B78008403C1 /* MyAviasails */ = {
			isa = PBXNativeTarget;
			buildConfigurationList = 71A463E125AE8B79008403C1 /* Build configuration list for PBXNativeTarget "MyAviasails" */;
			buildPhases = (
				71A463AE25AE8B78008403C1 /* Sources */,
				71A463AF25AE8B78008403C1 /* Frameworks */,
				71A463B025AE8B78008403C1 /* Resources */,
			);
			buildRules = (
			);
			dependencies = (
			);
			name = MyAviasails;
			productName = MyAviasails;
			productReference = 71A463B225AE8B78008403C1 /* MyAviasails.app */;
			productType = "com.apple.product-type.application";
		};
		71A463CC25AE8B79008403C1 /* MyAviasailsTests */ = {
			isa = PBXNativeTarget;
			buildConfigurationList = 71A463E425AE8B79008403C1 /* Build configuration list for PBXNativeTarget "MyAviasailsTests" */;
			buildPhases = (
				71A463C925AE8B79008403C1 /* Sources */,
				71A463CA25AE8B79008403C1 /* Frameworks */,
				71A463CB25AE8B79008403C1 /* Resources */,
			);
			buildRules = (
			);
			dependencies = (
				71A463CF25AE8B79008403C1 /* PBXTargetDependency */,
			);
			name = MyAviasailsTests;
			productName = MyAviasailsTests;
			productReference = 71A463CD25AE8B79008403C1 /* MyAviasailsTests.xctest */;
			productType = "com.apple.product-type.bundle.unit-test";
		};
		71A463D725AE8B79008403C1 /* MyAviasailsUITests */ = {
			isa = PBXNativeTarget;
			buildConfigurationList = 71A463E725AE8B79008403C1 /* Build configuration list for PBXNativeTarget "MyAviasailsUITests" */;
			buildPhases = (
				71A463D425AE8B79008403C1 /* Sources */,
				71A463D525AE8B79008403C1 /* Frameworks */,
				71A463D625AE8B79008403C1 /* Resources */,
			);
			buildRules = (
			);
			dependencies = (
				71A463DA25AE8B79008403C1 /* PBXTargetDependency */,
			);
			name = MyAviasailsUITests;
			productName = MyAviasailsUITests;
			productReference = 71A463D825AE8B79008403C1 /* MyAviasailsUITests.xctest */;
			productType = "com.apple.product-type.bundle.ui-testing";
		};
/* End PBXNativeTarget section */

/* Begin PBXProject section */
		71A463AA25AE8B78008403C1 /* Project object */ = {
			isa = PBXProject;
			attributes = {
				LastUpgradeCheck = 1230;
				TargetAttributes = {
					71A463B125AE8B78008403C1 = {
						CreatedOnToolsVersion = 12.3;
					};
					71A463CC25AE8B79008403C1 = {
						CreatedOnToolsVersion = 12.3;
						TestTargetID = 71A463B125AE8B78008403C1;
					};
					71A463D725AE8B79008403C1 = {
						CreatedOnToolsVersion = 12.3;
						TestTargetID = 71A463B125AE8B78008403C1;
					};
				};
			};
			buildConfigurationList = 71A463AD25AE8B78008403C1 /* Build configuration list for PBXProject "MyAviasails" */;
			compatibilityVersion = "Xcode 9.3";
			developmentRegion = en;
			hasScannedForEncodings = 0;
			knownRegions = (
				en,
				Base,
			);
			mainGroup = 71A463A925AE8B78008403C1;
			productRefGroup = 71A463B325AE8B78008403C1 /* Products */;
			projectDirPath = "";
			projectRoot = "";
			targets = (
				71A463B125AE8B78008403C1 /* MyAviasails */,
				71A463CC25AE8B79008403C1 /* MyAviasailsTests */,
				71A463D725AE8B79008403C1 /* MyAviasailsUITests */,
			);
		};
/* End PBXProject section */

/* Begin PBXResourcesBuildPhase section */
		71A463B025AE8B78008403C1 /* Resources */ = {
			isa = PBXResourcesBuildPhase;
			buildActionMask = 2147483647;
			files = (
				71A463C525AE8B79008403C1 /* LaunchScreen.storyboard in Resources */,
				71A463C225AE8B79008403C1 /* Assets.xcassets in Resources */,
				71A463C025AE8B78008403C1 /* Main.storyboard in Resources */,
			);
			runOnlyForDeploymentPostprocessing = 0;
		};
		71A463CB25AE8B79008403C1 /* Resources */ = {
			isa = PBXResourcesBuildPhase;
			buildActionMask = 2147483647;
			files = (
			);
			runOnlyForDeploymentPostprocessing = 0;
		};
		71A463D625AE8B79008403C1 /* Resources */ = {
			isa = PBXResourcesBuildPhase;
			buildActionMask = 2147483647;
			files = (
			);
			runOnlyForDeploymentPostprocessing = 0;
		};
/* End PBXResourcesBuildPhase section */

/* Begin PBXSourcesBuildPhase section */
		71A463AE25AE8B78008403C1 /* Sources */ = {
			isa = PBXSourcesBuildPhase;
			buildActionMask = 2147483647;
			files = (
				71A463BD25AE8B78008403C1 /* ViewController.m in Sources */,
				71A463B725AE8B78008403C1 /* AppDelegate.m in Sources */,
				71A463C825AE8B79008403C1 /* main.m in Sources */,
				71A463BA25AE8B78008403C1 /* SceneDelegate.m in Sources */,
			);
			runOnlyForDeploymentPostprocessing = 0;
		};
		71A463C925AE8B79008403C1 /* Sources */ = {
			isa = PBXSourcesBuildPhase;
			buildActionMask = 2147483647;
			files = (
				71A463D225AE8B79008403C1 /* MyAviasailsTests.m in Sources */,
			);
			runOnlyForDeploymentPostprocessing = 0;
		};
		71A463D425AE8B79008403C1 /* Sources */ = {
			isa = PBXSourcesBuildPhase;
			buildActionMask = 2147483647;
			files = (
				71A463DD25AE8B79008403C1 /* MyAviasailsUITests.m in Sources */,
			);
			runOnlyForDeploymentPostprocessing = 0;
		};
/* End PBXSourcesBuildPhase section */

/* Begin PBXTargetDependency section */
		71A463CF25AE8B79008403C1 /* PBXTargetDependency */ = {
			isa = PBXTargetDependency;
			target = 71A463B125AE8B78008403C1 /* MyAviasails */;
			targetProxy = 71A463CE25AE8B79008403C1 /* PBXContainerItemProxy */;
		};
		71A463DA25AE8B79008403C1 /* PBXTargetDependency */ = {
			isa = PBXTargetDependency;
			target = 71A463B125AE8B78008403C1 /* MyAviasails */;
			targetProxy = 71A463D925AE8B79008403C1 /* PBXContainerItemProxy */;
		};
/* End PBXTargetDependency section */

/* Begin PBXVariantGroup section */
		71A463BE25AE8B78008403C1 /* Main.storyboard */ = {
			isa = PBXVariantGroup;
			children = (
				71A463BF25AE8B78008403C1 /* Base */,
			);
			name = Main.storyboard;
			sourceTree = "<group>";
		};
		71A463C325AE8B79008403C1 /* LaunchScreen.storyboard */ = {
			isa = PBXVariantGroup;
			children = (
				71A463C425AE8B79008403C1 /* Base */,
			);
			name = LaunchScreen.storyboard;
			sourceTree = "<group>";
		};
/* End PBXVariantGroup section */

/* Begin XCBuildConfiguration section */
		71A463DF25AE8B79008403C1 /* Debug */ = {
			isa = XCBuildConfiguration;
			buildSettings = {
				ALWAYS_SEARCH_USER_PATHS = NO;
				CLANG_ANALYZER_NONNULL = YES;
				CLANG_ANALYZER_NUMBER_OBJECT_CONVERSION = YES_AGGRESSIVE;
				CLANG_CXX_LANGUAGE_STANDARD = "gnu++14";
				CLANG_CXX_LIBRARY = "libc++";
				CLANG_ENABLE_MODULES = YES;
				CLANG_ENABLE_OBJC_ARC = YES;
				CLANG_ENABLE_OBJC_WEAK = YES;
				CLANG_WARN_BLOCK_CAPTURE_AUTORELEASING = YES;
				CLANG_WARN_BOOL_CONVERSION = YES;
				CLANG_WARN_COMMA = YES;
				CLANG_WARN_CONSTANT_CONVERSION = YES;
				CLANG_WARN_DEPRECATED_OBJC_IMPLEMENTATIONS = YES;
				CLANG_WARN_DIRECT_OBJC_ISA_USAGE = YES_ERROR;
				CLANG_WARN_DOCUMENTATION_COMMENTS = YES;
				CLANG_WARN_EMPTY_BODY = YES;
				CLANG_WARN_ENUM_CONVERSION = YES;
				CLANG_WARN_INFINITE_RECURSION = YES;
				CLANG_WARN_INT_CONVERSION = YES;
				CLANG_WARN_NON_LITERAL_NULL_CONVERSION = YES;
				CLANG_WARN_OBJC_IMPLICIT_RETAIN_SELF = YES;
				CLANG_WARN_OBJC_LITERAL_CONVERSION = YES;
				CLANG_WARN_OBJC_ROOT_CLASS = YES_ERROR;
				CLANG_WARN_QUOTED_INCLUDE_IN_FRAMEWORK_HEADER = YES;
				CLANG_WARN_RANGE_LOOP_ANALYSIS = YES;
				CLANG_WARN_STRICT_PROTOTYPES = YES;
				CLANG_WARN_SUSPICIOUS_MOVE = YES;
				CLANG_WARN_UNGUARDED_AVAILABILITY = YES_AGGRESSIVE;
				CLANG_WARN_UNREACHABLE_CODE = YES;
				CLANG_WARN__DUPLICATE_METHOD_MATCH = YES;
				COPY_PHASE_STRIP = NO;
				DEBUG_INFORMATION_FORMAT = dwarf;
				ENABLE_STRICT_OBJC_MSGSEND = YES;
				ENABLE_TESTABILITY = YES;
				GCC_C_LANGUAGE_STANDARD = gnu11;
				GCC_DYNAMIC_NO_PIC = NO;
				GCC_NO_COMMON_BLOCKS = YES;
				GCC_OPTIMIZATION_LEVEL = 0;
				GCC_PREPROCESSOR_DEFINITIONS = (
					"DEBUG=1",
					"$(inherited)",
				);
				GCC_WARN_64_TO_32_BIT_CONVERSION = YES;
				GCC_WARN_ABOUT_RETURN_TYPE = YES_ERROR;
				GCC_WARN_UNDECLARED_SELECTOR = YES;
				GCC_WARN_UNINITIALIZED_AUTOS = YES_AGGRESSIVE;
				GCC_WARN_UNUSED_FUNCTION = YES;
				GCC_WARN_UNUSED_VARIABLE = YES;
				IPHONEOS_DEPLOYMENT_TARGET = 14.3;
				MTL_ENABLE_DEBUG_INFO = INCLUDE_SOURCE;
				MTL_FAST_MATH = YES;
				ONLY_ACTIVE_ARCH = YES;
				SDKROOT = iphoneos;
			};
			name = Debug;
		};
		71A463E025AE8B79008403C1 /* Release */ = {
			isa = XCBuildConfiguration;
			buildSettings = {
				ALWAYS_SEARCH_USER_PATHS = NO;
				CLANG_ANALYZER_NONNULL = YES;
				CLANG_ANALYZER_NUMBER_OBJECT_CONVERSION = YES_AGGRESSIVE;
				CLANG_CXX_LANGUAGE_STANDARD = "gnu++14";
				CLANG_CXX_LIBRARY = "libc++";
				CLANG_ENABLE_MODULES = YES;
				CLANG_ENABLE_OBJC_ARC = YES;
				CLANG_ENABLE_OBJC_WEAK = YES;
				CLANG_WARN_BLOCK_CAPTURE_AUTORELEASING = YES;
				CLANG_WARN_BOOL_CONVERSION = YES;
				CLANG_WARN_COMMA = YES;
				CLANG_WARN_CONSTANT_CONVERSION = YES;
				CLANG_WARN_DEPRECATED_OBJC_IMPLEMENTATIONS = YES;
				CLANG_WARN_DIRECT_OBJC_ISA_USAGE = YES_ERROR;
				CLANG_WARN_DOCUMENTATION_COMMENTS = YES;
				CLANG_WARN_EMPTY_BODY = YES;
				CLANG_WARN_ENUM_CONVERSION = YES;
				CLANG_WARN_INFINITE_RECURSION = YES;
				CLANG_WARN_INT_CONVERSION = YES;
				CLANG_WARN_NON_LITERAL_NULL_CONVERSION = YES;
				CLANG_WARN_OBJC_IMPLICIT_RETAIN_SELF = YES;
				CLANG_WARN_OBJC_LITERAL_CONVERSION = YES;
				CLANG_WARN_OBJC_ROOT_CLASS = YES_ERROR;
				CLANG_WARN_QUOTED_INCLUDE_IN_FRAMEWORK_HEADER = YES;
				CLANG_WARN_RANGE_LOOP_ANALYSIS = YES;
				CLANG_WARN_STRICT_PROTOTYPES = YES;
				CLANG_WARN_SUSPICIOUS_MOVE = YES;
				CLANG_WARN_UNGUARDED_AVAILABILITY = YES_AGGRESSIVE;
				CLANG_WARN_UNREACHABLE_CODE = YES;
				CLANG_WARN__DUPLICATE_METHOD_MATCH = YES;
				COPY_PHASE_STRIP = NO;
				DEBUG_INFORMATION_FORMAT = "dwarf-with-dsym";
				ENABLE_NS_ASSERTIONS = NO;
				ENABLE_STRICT_OBJC_MSGSEND = YES;
				GCC_C_LANGUAGE_STANDARD = gnu11;
				GCC_NO_COMMON_BLOCKS = YES;
				GCC_WARN_64_TO_32_BIT_CONVERSION = YES;
				GCC_WARN_ABOUT_RETURN_TYPE = YES_ERROR;
				GCC_WARN_UNDECLARED_SELECTOR = YES;
				GCC_WARN_UNINITIALIZED_AUTOS = YES_AGGRESSIVE;
				GCC_WARN_UNUSED_FUNCTION = YES;
				GCC_WARN_UNUSED_VARIABLE = YES;
				IPHONEOS_DEPLOYMENT_TARGET = 14.3;
				MTL_ENABLE_DEBUG_INFO = NO;
				MTL_FAST_MATH = YES;
				SDKROOT = iphoneos;
				VALIDATE_PRODUCT = YES;
			};
			name = Release;
		};
		71A463E225AE8B79008403C1 /* Debug */ = {
			isa = XCBuildConfiguration;
			buildSettings = {
				ASSETCATALOG_COMPILER_APPICON_NAME = AppIcon;
				ASSETCATALOG_COMPILER_GLOBAL_ACCENT_COLOR_NAME = AccentColor;
				CODE_SIGN_STYLE = Automatic;
				DEVELOPMENT_TEAM = QU9ZBG8S59;
				INFOPLIST_FILE = MyAviasails/Info.plist;
				LD_RUNPATH_SEARCH_PATHS = (
					"$(inherited)",
					"@executable_path/Frameworks",
				);
				PRODUCT_BUNDLE_IDENTIFIER = obryga.corp.MyAviasails;
				PRODUCT_NAME = "$(TARGET_NAME)";
				TARGETED_DEVICE_FAMILY = "1,2";
			};
			name = Debug;
		};
		71A463E325AE8B79008403C1 /* Release */ = {
			isa = XCBuildConfiguration;
			buildSettings = {
				ASSETCATALOG_COMPILER_APPICON_NAME = AppIcon;
				ASSETCATALOG_COMPILER_GLOBAL_ACCENT_COLOR_NAME = AccentColor;
				CODE_SIGN_STYLE = Automatic;
				DEVELOPMENT_TEAM = QU9ZBG8S59;
				INFOPLIST_FILE = MyAviasails/Info.plist;
				LD_RUNPATH_SEARCH_PATHS = (
					"$(inherited)",
					"@executable_path/Frameworks",
				);
				PRODUCT_BUNDLE_IDENTIFIER = obryga.corp.MyAviasails;
				PRODUCT_NAME = "$(TARGET_NAME)";
				TARGETED_DEVICE_FAMILY = "1,2";
			};
			name = Release;
		};
		71A463E525AE8B79008403C1 /* Debug */ = {
			isa = XCBuildConfiguration;
			buildSettings = {
				BUNDLE_LOADER = "$(TEST_HOST)";
				CODE_SIGN_STYLE = Automatic;
				DEVELOPMENT_TEAM = QU9ZBG8S59;
				INFOPLIST_FILE = MyAviasailsTests/Info.plist;
				IPHONEOS_DEPLOYMENT_TARGET = 14.3;
				LD_RUNPATH_SEARCH_PATHS = (
					"$(inherited)",
					"@executable_path/Frameworks",
					"@loader_path/Frameworks",
				);
				PRODUCT_BUNDLE_IDENTIFIER = obryga.corp.MyAviasailsTests;
				PRODUCT_NAME = "$(TARGET_NAME)";
				TARGETED_DEVICE_FAMILY = "1,2";
				TEST_HOST = "$(BUILT_PRODUCTS_DIR)/MyAviasails.app/MyAviasails";
			};
			name = Debug;
		};
		71A463E625AE8B79008403C1 /* Release */ = {
			isa = XCBuildConfiguration;
			buildSettings = {
				BUNDLE_LOADER = "$(TEST_HOST)";
				CODE_SIGN_STYLE = Automatic;
				DEVELOPMENT_TEAM = QU9ZBG8S59;
				INFOPLIST_FILE = MyAviasailsTests/Info.plist;
				IPHONEOS_DEPLOYMENT_TARGET = 14.3;
				LD_RUNPATH_SEARCH_PATHS = (
					"$(inherited)",
					"@executable_path/Frameworks",
					"@loader_path/Frameworks",
				);
				PRODUCT_BUNDLE_IDENTIFIER = obryga.corp.MyAviasailsTests;
				PRODUCT_NAME = "$(TARGET_NAME)";
				TARGETED_DEVICE_FAMILY = "1,2";
				TEST_HOST = "$(BUILT_PRODUCTS_DIR)/MyAviasails.app/MyAviasails";
			};
			name = Release;
		};
		71A463E825AE8B79008403C1 /* Debug */ = {
			isa = XCBuildConfiguration;
			buildSettings = {
				CODE_SIGN_STYLE = Automatic;
				DEVELOPMENT_TEAM = QU9ZBG8S59;
				INFOPLIST_FILE = MyAviasailsUITests/Info.plist;
				LD_RUNPATH_SEARCH_PATHS = (
					"$(inherited)",
					"@executable_path/Frameworks",
					"@loader_path/Frameworks",
				);
				PRODUCT_BUNDLE_IDENTIFIER = obryga.corp.MyAviasailsUITests;
				PRODUCT_NAME = "$(TARGET_NAME)";
				TARGETED_DEVICE_FAMILY = "1,2";
				TEST_TARGET_NAME = MyAviasails;
			};
			name = Debug;
		};
		71A463E925AE8B79008403C1 /* Release */ = {
			isa = XCBuildConfiguration;
			buildSettings = {
				CODE_SIGN_STYLE = Automatic;
				DEVELOPMENT_TEAM = QU9ZBG8S59;
				INFOPLIST_FILE = MyAviasailsUITests/Info.plist;
				LD_RUNPATH_SEARCH_PATHS = (
					"$(inherited)",
					"@executable_path/Frameworks",
					"@loader_path/Frameworks",
				);
				PRODUCT_BUNDLE_IDENTIFIER = obryga.corp.MyAviasailsUITests;
				PRODUCT_NAME = "$(TARGET_NAME)";
				TARGETED_DEVICE_FAMILY = "1,2";
				TEST_TARGET_NAME = MyAviasails;
			};
			name = Release;
		};
/* End XCBuildConfiguration section */

/* Begin XCConfigurationList section */
		71A463AD25AE8B78008403C1 /* Build configuration list for PBXProject "MyAviasails" */ = {
			isa = XCConfigurationList;
			buildConfigurations = (
				71A463DF25AE8B79008403C1 /* Debug */,
				71A463E025AE8B79008403C1 /* Release */,
			);
			defaultConfigurationIsVisible = 0;
			defaultConfigurationName = Release;
		};
		71A463E125AE8B79008403C1 /* Build configuration list for PBXNativeTarget "MyAviasails" */ = {
			isa = XCConfigurationList;
			buildConfigurations = (
				71A463E225AE8B79008403C1 /* Debug */,
				71A463E325AE8B79008403C1 /* Release */,
			);
			defaultConfigurationIsVisible = 0;
			defaultConfigurationName = Release;
		};
		71A463E425AE8B79008403C1 /* Build configuration list for PBXNativeTarget "MyAviasailsTests" */ = {
			isa = XCConfigurationList;
			buildConfigurations = (
				71A463E525AE8B79008403C1 /* Debug */,
				71A463E625AE8B79008403C1 /* Release */,
			);
			defaultConfigurationIsVisible = 0;
			defaultConfigurationName = Release;
		};
		71A463E725AE8B79008403C1 /* Build configuration list for PBXNativeTarget "MyAviasailsUITests" */ = {
			isa = XCConfigurationList;
			buildConfigurations = (
				71A463E825AE8B79008403C1 /* Debug */,
				71A463E925AE8B79008403C1 /* Release */,
			);
			defaultConfigurationIsVisible = 0;
			defaultConfigurationName = Release;
		};
/* End XCConfigurationList section */
	};
	rootObject = 71A463AA25AE8B78008403C1 /* Project object */;
}
